// !$*UTF8*$!
{
	archiveVersion = 1;
	classes = {
	};
	objectVersion = 55;
	objects = {

/* Begin PBXBuildFile section */
		ACC1331D273BE3090085011C /* AppDelegate.swift in Sources */ = {isa = PBXBuildFile; fileRef = ACC1331C273BE3090085011C /* AppDelegate.swift */; };
		ACC1331F273BE3090085011C /* SceneDelegate.swift in Sources */ = {isa = PBXBuildFile; fileRef = ACC1331E273BE3090085011C /* SceneDelegate.swift */; };
		ACC13321273BE3090085011C /* ViewController.swift in Sources */ = {isa = PBXBuildFile; fileRef = ACC13320273BE3090085011C /* ViewController.swift */; };
		ACC13324273BE3090085011C /* Main.storyboard in Resources */ = {isa = PBXBuildFile; fileRef = ACC13322273BE3090085011C /* Main.storyboard */; };
		ACC13326273BE30A0085011C /* Assets.xcassets in Resources */ = {isa = PBXBuildFile; fileRef = ACC13325273BE30A0085011C /* Assets.xcassets */; };
		ACC13329273BE30A0085011C /* LaunchScreen.storyboard in Resources */ = {isa = PBXBuildFile; fileRef = ACC13327273BE30A0085011C /* LaunchScreen.storyboard */; };
		D9EEC706273BF8640038D915 /* MainVC.swift in Sources */ = {isa = PBXBuildFile; fileRef = D9EEC704273BF8640038D915 /* MainVC.swift */; };
		D9EEC707273BF8640038D915 /* MainVC.xib in Resources */ = {isa = PBXBuildFile; fileRef = D9EEC705273BF8640038D915 /* MainVC.xib */; };
		D9EEC70A273BFA7D0038D915 /* newVC.swift in Sources */ = {isa = PBXBuildFile; fileRef = D9EEC708273BFA7D0038D915 /* newVC.swift */; };
		D9EEC70B273BFA7D0038D915 /* newVC.xib in Resources */ = {isa = PBXBuildFile; fileRef = D9EEC709273BFA7D0038D915 /* newVC.xib */; };
/* End PBXBuildFile section */

/* Begin PBXFileReference section */
		ACC13319273BE3090085011C /* Lesson 67.app */ = {isa = PBXFileReference; explicitFileType = wrapper.application; includeInIndex = 0; path = "Lesson 67.app"; sourceTree = BUILT_PRODUCTS_DIR; };
		ACC1331C273BE3090085011C /* AppDelegate.swift */ = {isa = PBXFileReference; lastKnownFileType = sourcecode.swift; path = AppDelegate.swift; sourceTree = "<group>"; };
		ACC1331E273BE3090085011C /* SceneDelegate.swift */ = {isa = PBXFileReference; lastKnownFileType = sourcecode.swift; path = SceneDelegate.swift; sourceTree = "<group>"; };
		ACC13320273BE3090085011C /* ViewController.swift */ = {isa = PBXFileReference; lastKnownFileType = sourcecode.swift; path = ViewController.swift; sourceTree = "<group>"; };
		ACC13323273BE3090085011C /* Base */ = {isa = PBXFileReference; lastKnownFileType = file.storyboard; name = Base; path = Base.lproj/Main.storyboard; sourceTree = "<group>"; };
		ACC13325273BE30A0085011C /* Assets.xcassets */ = {isa = PBXFileReference; lastKnownFileType = folder.assetcatalog; path = Assets.xcassets; sourceTree = "<group>"; };
		ACC13328273BE30A0085011C /* Base */ = {isa = PBXFileReference; lastKnownFileType = file.storyboard; name = Base; path = Base.lproj/LaunchScreen.storyboard; sourceTree = "<group>"; };
		ACC1332A273BE30A0085011C /* Info.plist */ = {isa = PBXFileReference; lastKnownFileType = text.plist.xml; path = Info.plist; sourceTree = "<group>"; };
		D9EEC704273BF8640038D915 /* MainVC.swift */ = {isa = PBXFileReference; lastKnownFileType = sourcecode.swift; path = MainVC.swift; sourceTree = "<group>"; };
		D9EEC705273BF8640038D915 /* MainVC.xib */ = {isa = PBXFileReference; lastKnownFileType = file.xib; path = MainVC.xib; sourceTree = "<group>"; };
		D9EEC708273BFA7D0038D915 /* newVC.swift */ = {isa = PBXFileReference; lastKnownFileType = sourcecode.swift; path = newVC.swift; sourceTree = "<group>"; };
		D9EEC709273BFA7D0038D915 /* newVC.xib */ = {isa = PBXFileReference; lastKnownFileType = file.xib; path = newVC.xib; sourceTree = "<group>"; };
/* End PBXFileReference section */

/* Begin PBXFrameworksBuildPhase section */
		ACC13316273BE3090085011C /* Frameworks */ = {
			isa = PBXFrameworksBuildPhase;
			buildActionMask = 2147483647;
			files = (
			);
			runOnlyForDeploymentPostprocessing = 0;
		};
/* End PBXFrameworksBuildPhase section */

/* Begin PBXGroup section */
		ACC13310273BE3090085011C = {
			isa = PBXGroup;
			children = (
				ACC1331B273BE3090085011C /* Lesson 67 */,
				ACC1331A273BE3090085011C /* Products */,
			);
			sourceTree = "<group>";
		};
		ACC1331A273BE3090085011C /* Products */ = {
			isa = PBXGroup;
			children = (
				ACC13319273BE3090085011C /* Lesson 67.app */,
			);
			name = Products;
			sourceTree = "<group>";
		};
		ACC1331B273BE3090085011C /* Lesson 67 */ = {
			isa = PBXGroup;
			children = (
				ACC1331C273BE3090085011C /* AppDelegate.swift */,
				ACC1331E273BE3090085011C /* SceneDelegate.swift */,
				ACC13320273BE3090085011C /* ViewController.swift */,
				ACC13322273BE3090085011C /* Main.storyboard */,
				ACC13325273BE30A0085011C /* Assets.xcassets */,
				ACC13327273BE30A0085011C /* LaunchScreen.storyboard */,
				ACC1332A273BE30A0085011C /* Info.plist */,
				D9EEC704273BF8640038D915 /* MainVC.swift */,
				D9EEC705273BF8640038D915 /* MainVC.xib */,
				D9EEC708273BFA7D0038D915 /* newVC.swift */,
				D9EEC709273BFA7D0038D915 /* newVC.xib */,
			);
			path = "Lesson 67";
			sourceTree = "<group>";
		};
/* End PBXGroup section */

/* Begin PBXNativeTarget section */
		ACC13318273BE3090085011C /* Lesson 67 */ = {
			isa = PBXNativeTarget;
			buildConfigurationList = ACC1332D273BE30A0085011C /* Build configuration list for PBXNativeTarget "Lesson 67" */;
			buildPhases = (
				ACC13315273BE3090085011C /* Sources */,
				ACC13316273BE3090085011C /* Frameworks */,
				ACC13317273BE3090085011C /* Resources */,
			);
			buildRules = (
			);
			dependencies = (
			);
			name = "Lesson 67";
			productName = "Lesson 67";
			productReference = ACC13319273BE3090085011C /* Lesson 67.app */;
			productType = "com.apple.product-type.application";
		};
/* End PBXNativeTarget section */

/* Begin PBXProject section */
		ACC13311273BE3090085011C /* Project object */ = {
			isa = PBXProject;
			attributes = {
				BuildIndependentTargetsInParallel = 1;
				LastSwiftUpdateCheck = 1300;
				LastUpgradeCheck = 1300;
				TargetAttributes = {
					ACC13318273BE3090085011C = {
						CreatedOnToolsVersion = 13.0;
					};
				};
			};
			buildConfigurationList = ACC13314273BE3090085011C /* Build configuration list for PBXProject "Lesson 67" */;
			compatibilityVersion = "Xcode 13.0";
			developmentRegion = en;
			hasScannedForEncodings = 0;
			knownRegions = (
				en,
				Base,
			);
			mainGroup = ACC13310273BE3090085011C;
			productRefGroup = ACC1331A273BE3090085011C /* Products */;
			projectDirPath = "";
			projectRoot = "";
			targets = (
				ACC13318273BE3090085011C /* Lesson 67 */,
			);
		};
/* End PBXProject section */

/* Begin PBXResourcesBuildPhase section */
		ACC13317273BE3090085011C /* Resources */ = {
			isa = PBXResourcesBuildPhase;
			buildActionMask = 2147483647;
			files = (
				ACC13329273BE30A0085011C /* LaunchScreen.storyboard in Resources */,
				D9EEC707273BF8640038D915 /* MainVC.xib in Resources */,
				D9EEC70B273BFA7D0038D915 /* newVC.xib in Resources */,
				ACC13326273BE30A0085011C /* Assets.xcassets in Resources */,
				ACC13324273BE3090085011C /* Main.storyboard in Resources */,
			);
			runOnlyForDeploymentPostprocessing = 0;
		};
/* End PBXResourcesBuildPhase section */

/* Begin PBXSourcesBuildPhase section */
		ACC13315273BE3090085011C /* Sources */ = {
			isa = PBXSourcesBuildPhase;
			buildActionMask = 2147483647;
			files = (
				ACC13321273BE3090085011C /* ViewController.swift in Sources */,
				D9EEC706273BF8640038D915 /* MainVC.swift in Sources */,
				D9EEC70A273BFA7D0038D915 /* newVC.swift in Sources */,
				ACC1331D273BE3090085011C /* AppDelegate.swift in Sources */,
				ACC1331F273BE3090085011C /* SceneDelegate.swift in Sources */,
			);
			runOnlyForDeploymentPostprocessing = 0;
		};
/* End PBXSourcesBuildPhase section */

/* Begin PBXVariantGroup section */
		ACC13322273BE3090085011C /* Main.storyboard */ = {
			isa = PBXVariantGroup;
			children = (
				ACC13323273BE3090085011C /* Base */,
			);
			name = Main.storyboard;
			sourceTree = "<group>";
		};
		ACC13327273BE30A0085011C /* LaunchScreen.storyboard */ = {
			isa = PBXVariantGroup;
			children = (
				ACC13328273BE30A0085011C /* Base */,
			);
			name = LaunchScreen.storyboard;
			sourceTree = "<group>";
		};
/* End PBXVariantGroup section */

/* Begin XCBuildConfiguration section */
		ACC1332B273BE30A0085011C /* Debug */ = {
			isa = XCBuildConfiguration;
			buildSettings = {
				ALWAYS_SEARCH_USER_PATHS = NO;
				CLANG_ANALYZER_NONNULL = YES;
				CLANG_ANALYZER_NUMBER_OBJECT_CONVERSION = YES_AGGRESSIVE;
				CLANG_CXX_LANGUAGE_STANDARD = "gnu++17";
				CLANG_CXX_LIBRARY = "libc++";
				CLANG_ENABLE_MODULES = YES;
				CLANG_ENABLE_OBJC_ARC = YES;
				CLANG_ENABLE_OBJC_WEAK = YES;
				CLANG_WARN_BLOCK_CAPTURE_AUTORELEASING = YES;
				CLANG_WARN_BOOL_CONVERSION = YES;
				CLANG_WARN_COMMA = YES;
				CLANG_WARN_CONSTANT_CONVERSION = YES;
				CLANG_WARN_DEPRECATED_OBJC_IMPLEMENTATIONS = YES;
				CLANG_WARN_DIRECT_OBJC_ISA_USAGE = YES_ERROR;
				CLANG_WARN_DOCUMENTATION_COMMENTS = YES;
				CLANG_WARN_EMPTY_BODY = YES;
				CLANG_WARN_ENUM_CONVERSION = YES;
				CLANG_WARN_INFINITE_RECURSION = YES;
				CLANG_WARN_INT_CONVERSION = YES;
				CLANG_WARN_NON_LITERAL_NULL_CONVERSION = YES;
				CLANG_WARN_OBJC_IMPLICIT_RETAIN_SELF = YES;
				CLANG_WARN_OBJC_LITERAL_CONVERSION = YES;
				CLANG_WARN_OBJC_ROOT_CLASS = YES_ERROR;
				CLANG_WARN_QUOTED_INCLUDE_IN_FRAMEWORK_HEADER = YES;
				CLANG_WARN_RANGE_LOOP_ANALYSIS = YES;
				CLANG_WARN_STRICT_PROTOTYPES = YES;
				CLANG_WARN_SUSPICIOUS_MOVE = YES;
				CLANG_WARN_UNGUARDED_AVAILABILITY = YES_AGGRESSIVE;
				CLANG_WARN_UNREACHABLE_CODE = YES;
				CLANG_WARN__DUPLICATE_METHOD_MATCH = YES;
				COPY_PHASE_STRIP = NO;
				DEBUG_INFORMATION_FORMAT = dwarf;
				ENABLE_STRICT_OBJC_MSGSEND = YES;
				ENABLE_TESTABILITY = YES;
				GCC_C_LANGUAGE_STANDARD = gnu11;
				GCC_DYNAMIC_NO_PIC = NO;
				GCC_NO_COMMON_BLOCKS = YES;
				GCC_OPTIMIZATION_LEVEL = 0;
				GCC_PREPROCESSOR_DEFINITIONS = (
					"DEBUG=1",
					"$(inherited)",
				);
				GCC_WARN_64_TO_32_BIT_CONVERSION = YES;
				GCC_WARN_ABOUT_RETURN_TYPE = YES_ERROR;
				GCC_WARN_UNDECLARED_SELECTOR = YES;
				GCC_WARN_UNINITIALIZED_AUTOS = YES_AGGRESSIVE;
				GCC_WARN_UNUSED_FUNCTION = YES;
				GCC_WARN_UNUSED_VARIABLE = YES;
				IPHONEOS_DEPLOYMENT_TARGET = 15.0;
				MTL_ENABLE_DEBUG_INFO = INCLUDE_SOURCE;
				MTL_FAST_MATH = YES;
				ONLY_ACTIVE_ARCH = YES;
				SDKROOT = iphoneos;
				SWIFT_ACTIVE_COMPILATION_CONDITIONS = DEBUG;
				SWIFT_OPTIMIZATION_LEVEL = "-Onone";
			};
			name = Debug;
		};
		ACC1332C273BE30A0085011C /* Release */ = {
			isa = XCBuildConfiguration;
			buildSettings = {
				ALWAYS_SEARCH_USER_PATHS = NO;
				CLANG_ANALYZER_NONNULL = YES;
				CLANG_ANALYZER_NUMBER_OBJECT_CONVERSION = YES_AGGRESSIVE;
				CLANG_CXX_LANGUAGE_STANDARD = "gnu++17";
				CLANG_CXX_LIBRARY = "libc++";
				CLANG_ENABLE_MODULES = YES;
				CLANG_ENABLE_OBJC_ARC = YES;
				CLANG_ENABLE_OBJC_WEAK = YES;
				CLANG_WARN_BLOCK_CAPTURE_AUTORELEASING = YES;
				CLANG_WARN_BOOL_CONVERSION = YES;
				CLANG_WARN_COMMA = YES;
				CLANG_WARN_CONSTANT_CONVERSION = YES;
				CLANG_WARN_DEPRECATED_OBJC_IMPLEMENTATIONS = YES;
				CLANG_WARN_DIRECT_OBJC_ISA_USAGE = YES_ERROR;
				CLANG_WARN_DOCUMENTATION_COMMENTS = YES;
				CLANG_WARN_EMPTY_BODY = YES;
				CLANG_WARN_ENUM_CONVERSION = YES;
				CLANG_WARN_INFINITE_RECURSION = YES;
				CLANG_WARN_INT_CONVERSION = YES;
				CLANG_WARN_NON_LITERAL_NULL_CONVERSION = YES;
				CLANG_WARN_OBJC_IMPLICIT_RETAIN_SELF = YES;
				CLANG_WARN_OBJC_LITERAL_CONVERSION = YES;
				CLANG_WARN_OBJC_ROOT_CLASS = YES_ERROR;
				CLANG_WARN_QUOTED_INCLUDE_IN_FRAMEWORK_HEADER = YES;
				CLANG_WARN_RANGE_LOOP_ANALYSIS = YES;
				CLANG_WARN_STRICT_PROTOTYPES = YES;
				CLANG_WARN_SUSPICIOUS_MOVE = YES;
				CLANG_WARN_UNGUARDED_AVAILABILITY = YES_AGGRESSIVE;
				CLANG_WARN_UNREACHABLE_CODE = YES;
				CLANG_WARN__DUPLICATE_METHOD_MATCH = YES;
				COPY_PHASE_STRIP = NO;
				DEBUG_INFORMATION_FORMAT = "dwarf-with-dsym";
				ENABLE_NS_ASSERTIONS = NO;
				ENABLE_STRICT_OBJC_MSGSEND = YES;
				GCC_C_LANGUAGE_STANDARD = gnu11;
				GCC_NO_COMMON_BLOCKS = YES;
				GCC_WARN_64_TO_32_BIT_CONVERSION = YES;
				GCC_WARN_ABOUT_RETURN_TYPE = YES_ERROR;
				GCC_WARN_UNDECLARED_SELECTOR = YES;
				GCC_WARN_UNINITIALIZED_AUTOS = YES_AGGRESSIVE;
				GCC_WARN_UNUSED_FUNCTION = YES;
				GCC_WARN_UNUSED_VARIABLE = YES;
				IPHONEOS_DEPLOYMENT_TARGET = 15.0;
				MTL_ENABLE_DEBUG_INFO = NO;
				MTL_FAST_MATH = YES;
				SDKROOT = iphoneos;
				SWIFT_COMPILATION_MODE = wholemodule;
				SWIFT_OPTIMIZATION_LEVEL = "-O";
				VALIDATE_PRODUCT = YES;
			};
			name = Release;
		};
		ACC1332E273BE30A0085011C /* Debug */ = {
			isa = XCBuildConfiguration;
			buildSettings = {
				ASSETCATALOG_COMPILER_APPICON_NAME = AppIcon;
				ASSETCATALOG_COMPILER_GLOBAL_ACCENT_COLOR_NAME = AccentColor;
				CODE_SIGN_STYLE = Automatic;
				CURRENT_PROJECT_VERSION = 1;
				DEVELOPMENT_TEAM = P87AZPHQ9S;
				GENERATE_INFOPLIST_FILE = YES;
				INFOPLIST_FILE = "Lesson 67/Info.plist";
				INFOPLIST_KEY_UIApplicationSupportsIndirectInputEvents = YES;
				INFOPLIST_KEY_UILaunchStoryboardName = LaunchScreen;
				INFOPLIST_KEY_UIMainStoryboardFile = Main;
				INFOPLIST_KEY_UISupportedInterfaceOrientations_iPad = "UIInterfaceOrientationPortrait UIInterfaceOrientationPortraitUpsideDown UIInterfaceOrientationLandscapeLeft UIInterfaceOrientationLandscapeRight";
				INFOPLIST_KEY_UISupportedInterfaceOrientations_iPhone = "UIInterfaceOrientationPortrait UIInterfaceOrientationLandscapeLeft UIInterfaceOrientationLandscapeRight";
				LD_RUNPATH_SEARCH_PATHS = (
					"$(inherited)",
					"@executable_path/Frameworks",
				);
				MARKETING_VERSION = 1.0;
				PRODUCT_BUNDLE_IDENTIFIER = "tesseract.uz.Lesson-67";
				PRODUCT_NAME = "$(TARGET_NAME)";
				SWIFT_EMIT_LOC_STRINGS = YES;
				SWIFT_VERSION = 5.0;
				TARGETED_DEVICE_FAMILY = "1,2";
			};
			name = Debug;
		};
		ACC1332F273BE30A0085011C /* Release */ = {
			isa = XCBuildConfiguration;
			buildSettings = {
				ASSETCATALOG_COMPILER_APPICON_NAME = AppIcon;
				ASSETCATALOG_COMPILER_GLOBAL_ACCENT_COLOR_NAME = AccentColor;
				CODE_SIGN_STYLE = Automatic;
				CURRENT_PROJECT_VERSION = 1;
				DEVELOPMENT_TEAM = P87AZPHQ9S;
				GENERATE_INFOPLIST_FILE = YES;
				INFOPLIST_FILE = "Lesson 67/Info.plist";
				INFOPLIST_KEY_UIApplicationSupportsIndirectInputEvents = YES;
				INFOPLIST_KEY_UILaunchStoryboardName = LaunchScreen;
				INFOPLIST_KEY_UIMainStoryboardFile = Main;
				INFOPLIST_KEY_UISupportedInterfaceOrientations_iPad = "UIInterfaceOrientationPortrait UIInterfaceOrientationPortraitUpsideDown UIInterfaceOrientationLandscapeLeft UIInterfaceOrientationLandscapeRight";
				INFOPLIST_KEY_UISupportedInterfaceOrientations_iPhone = "UIInterfaceOrientationPortrait UIInterfaceOrientationLandscapeLeft UIInterfaceOrientationLandscapeRight";
				LD_RUNPATH_SEARCH_PATHS = (
					"$(inherited)",
					"@executable_path/Frameworks",
				);
				MARKETING_VERSION = 1.0;
				PRODUCT_BUNDLE_IDENTIFIER = "tesseract.uz.Lesson-67";
				PRODUCT_NAME = "$(TARGET_NAME)";
				SWIFT_EMIT_LOC_STRINGS = YES;
				SWIFT_VERSION = 5.0;
				TARGETED_DEVICE_FAMILY = "1,2";
			};
			name = Release;
		};
/* End XCBuildConfiguration section */

/* Begin XCConfigurationList section */
		ACC13314273BE3090085011C /* Build configuration list for PBXProject "Lesson 67" */ = {
			isa = XCConfigurationList;
			buildConfigurations = (
				ACC1332B273BE30A0085011C /* Debug */,
				ACC1332C273BE30A0085011C /* Release */,
			);
			defaultConfigurationIsVisible = 0;
			defaultConfigurationName = Release;
		};
		ACC1332D273BE30A0085011C /* Build configuration list for PBXNativeTarget "Lesson 67" */ = {
			isa = XCConfigurationList;
			buildConfigurations = (
				ACC1332E273BE30A0085011C /* Debug */,
				ACC1332F273BE30A0085011C /* Release */,
			);
			defaultConfigurationIsVisible = 0;
			defaultConfigurationName = Release;
		};
/* End XCConfigurationList section */
	};
	rootObject = ACC13311273BE3090085011C /* Project object */;
}
